{
   "name": "wrangler",
   "lockfileVersion": 3,
   "requires": true,
   "packages": {
      "": {
         "name": "wrangler",
         "dependencies": {
            "mongodb": "^5.2.0",
            "pg": "^8.4.0",
            "reflect-metadata": "^0.1.13",
            "typeorm": "0.3.20"
         },
         "devDependencies": {
            "@types/node": "^16.11.10",
            "ts-node": "10.9.1",
            "typescript": "4.5.2"
         }
      },
      "../../node_modules/.pnpm/typeorm@0.3.20_mongodb@6.5.0_ts-node@10.9.2/node_modules/typeorm": {
         "version": "0.3.20",
         "license": "MIT",
         "dependencies": {
            "@sqltools/formatter": "^1.2.5",
            "app-root-path": "^3.1.0",
            "buffer": "^6.0.3",
            "chalk": "^4.1.2",
            "cli-highlight": "^2.1.11",
            "dayjs": "^1.11.9",
            "debug": "^4.3.4",
            "dotenv": "^16.0.3",
            "glob": "^10.3.10",
            "mkdirp": "^2.1.3",
            "reflect-metadata": "^0.2.1",
            "sha.js": "^2.4.11",
            "tslib": "^2.5.0",
            "uuid": "^9.0.0",
            "yargs": "^17.6.2"
         },
         "bin": {
            "typeorm": "cli.js",
            "typeorm-ts-node-commonjs": "cli-ts-node-commonjs.js",
            "typeorm-ts-node-esm": "cli-ts-node-esm.js"
         },
         "devDependencies": {
            "@tsconfig/node16": "^16.1.1",
            "@types/app-root-path": "^1.2.4",
            "@types/chai": "^4.3.4",
            "@types/chai-as-promised": "^7.1.5",
            "@types/debug": "^4.1.7",
            "@types/gulp-rename": "^2.0.6",
            "@types/gulp-sourcemaps": "^0.0.38",
            "@types/mkdirp": "^1.0.2",
            "@types/mocha": "^10.0.1",
            "@types/node": "^18.13.0",
            "@types/sha.js": "^2.4.0",
            "@types/sinon": "^10.0.13",
            "@types/source-map-support": "^0.5.6",
            "@types/uuid": "^9.0.0",
            "@types/yargs": "^17.0.22",
            "@typescript-eslint/eslint-plugin": "^6.17.0",
            "better-sqlite3": "^8.1.0",
            "chai": "^4.3.7",
            "chai-as-promised": "^7.1.1",
            "class-transformer": "^0.5.1",
            "conventional-changelog-angular": "^5.0.13",
            "conventional-changelog-cli": "^2.2.2",
            "del": "6.1.1",
            "eslint": "^8.44.0",
            "gulp": "^4.0.2",
            "gulp-istanbul": "^1.1.3",
            "gulp-mocha": "^10.0.0",
            "gulp-rename": "^2.0.0",
            "gulp-replace": "^1.1.4",
            "gulp-shell": "^0.8.0",
            "gulp-sourcemaps": "^3.0.0",
            "gulp-typescript": "^6.0.0-alpha.1",
            "gulpclass": "^0.2.0",
            "husky": "^8.0.3",
            "mocha": "^10.2.0",
            "mongodb": "^6.3.0",
            "mssql": "^10.0.1",
            "mysql": "^2.18.1",
            "mysql2": "^3.1.1",
            "pg": "^8.9.0",
            "pg-query-stream": "^4.3.0",
            "prettier": "^2.8.3",
            "redis": "^4.6.4",
            "remap-istanbul": "^0.13.0",
            "rimraf": "^4.1.2",
            "sinon": "^15.0.1",
            "sinon-chai": "^3.7.0",
            "source-map-support": "^0.5.21",
            "sql.js": "^1.8.0",
            "sqlite3": "^5.1.4",
            "ts-node": "^10.9.2",
            "typeorm-aurora-data-api-driver": "^2.4.4",
            "typescript": "^5.3.3"
         },
         "engines": {
            "node": ">=16.13.0"
         },
         "funding": {
            "url": "https://opencollective.com/typeorm"
         },
         "peerDependencies": {
            "@google-cloud/spanner": "^5.18.0",
            "@sap/hana-client": "^2.12.25",
            "better-sqlite3": "^7.1.2 || ^8.0.0 || ^9.0.0",
            "hdb-pool": "^0.1.6",
            "ioredis": "^5.0.4",
            "mongodb": "^5.8.0",
            "mssql": "^9.1.1 || ^10.0.1",
            "mysql2": "^2.2.5 || ^3.0.1",
            "oracledb": "^6.3.0",
            "pg": "^8.5.1",
            "pg-native": "^3.0.0",
            "pg-query-stream": "^4.0.0",
            "redis": "^3.1.1 || ^4.0.0",
            "sql.js": "^1.4.0",
            "sqlite3": "^5.0.3",
            "ts-node": "^10.7.0",
            "typeorm-aurora-data-api-driver": "^2.0.0"
         },
         "peerDependenciesMeta": {
            "@google-cloud/spanner": {
               "optional": true
            },
            "@sap/hana-client": {
               "optional": true
            },
            "better-sqlite3": {
               "optional": true
            },
            "hdb-pool": {
               "optional": true
            },
            "ioredis": {
               "optional": true
            },
            "mongodb": {
               "optional": true
            },
            "mssql": {
               "optional": true
            },
            "mysql2": {
               "optional": true
            },
            "oracledb": {
               "optional": true
            },
            "pg": {
               "optional": true
            },
            "pg-native": {
               "optional": true
            },
            "pg-query-stream": {
               "optional": true
            },
            "redis": {
               "optional": true
            },
            "sql.js": {
               "optional": true
            },
            "sqlite3": {
               "optional": true
            },
            "ts-node": {
               "optional": true
            },
            "typeorm-aurora-data-api-driver": {
               "optional": true
            }
         }
      },
      "node_modules/@cspotcode/source-map-support": {
         "version": "0.8.1",
         "resolved": "https://registry.npmjs.org/@cspotcode/source-map-support/-/source-map-support-0.8.1.tgz",
         "integrity": "sha512-IchNf6dN4tHoMFIn/7OE8LWZ19Y6q/67Bmf6vnGREv8RSbBVb9LPJxEcnwrcwX6ixSvaiGoomAUvu4YSxXrVgw==",
         "dev": true,
         "dependencies": {
            "@jridgewell/trace-mapping": "0.3.9"
         },
         "engines": {
            "node": ">=12"
         }
      },
      "node_modules/@jridgewell/resolve-uri": {
         "version": "3.1.2",
         "resolved": "https://registry.npmjs.org/@jridgewell/resolve-uri/-/resolve-uri-3.1.2.tgz",
         "integrity": "sha512-bRISgCIjP20/tbWSPWMEi54QVPRZExkuD9lJL+UIxUKtwVJA8wW1Trb1jMs1RFXo1CBTNZ/5hpC9QvmKWdopKw==",
         "dev": true,
         "engines": {
            "node": ">=6.0.0"
         }
      },
      "node_modules/@jridgewell/sourcemap-codec": {
         "version": "1.4.15",
         "resolved": "https://registry.npmjs.org/@jridgewell/sourcemap-codec/-/sourcemap-codec-1.4.15.tgz",
         "integrity": "sha512-eF2rxCRulEKXHTRiDrDy6erMYWqNw4LPdQ8UQA4huuxaQsVeRPFl2oM8oDGxMFhJUWZf9McpLtJasDDZb/Bpeg==",
         "dev": true
      },
      "node_modules/@jridgewell/trace-mapping": {
         "version": "0.3.9",
         "resolved": "https://registry.npmjs.org/@jridgewell/trace-mapping/-/trace-mapping-0.3.9.tgz",
         "integrity": "sha512-3Belt6tdc8bPgAtbcmdtNJlirVoTmEb5e2gC94PnkwEW9jI6CAHUeoG85tjWP5WquqfavoMtMwiG4P926ZKKuQ==",
         "dev": true,
         "dependencies": {
            "@jridgewell/resolve-uri": "^3.0.3",
            "@jridgewell/sourcemap-codec": "^1.4.10"
         }
      },
      "node_modules/@mongodb-js/saslprep": {
         "version": "1.1.5",
         "resolved": "https://registry.npmjs.org/@mongodb-js/saslprep/-/saslprep-1.1.5.tgz",
         "integrity": "sha512-XLNOMH66KhJzUJNwT/qlMnS4WsNDWD5ASdyaSH3EtK+F4r/CFGa3jT4GNi4mfOitGvWXtdLgQJkQjxSVrio+jA==",
         "optional": true,
         "dependencies": {
            "sparse-bitfield": "^3.0.3"
         }
      },
      "node_modules/@tsconfig/node10": {
         "version": "1.0.11",
         "resolved": "https://registry.npmjs.org/@tsconfig/node10/-/node10-1.0.11.tgz",
         "integrity": "sha512-DcRjDCujK/kCk/cUe8Xz8ZSpm8mS3mNNpta+jGCA6USEDfktlNvm1+IuZ9eTcDbNk41BHwpHHeW+N1lKCz4zOw==",
         "dev": true
      },
      "node_modules/@tsconfig/node12": {
         "version": "1.0.11",
         "resolved": "https://registry.npmjs.org/@tsconfig/node12/-/node12-1.0.11.tgz",
         "integrity": "sha512-cqefuRsh12pWyGsIoBKJA9luFu3mRxCA+ORZvA4ktLSzIuCUtWVxGIuXigEwO5/ywWFMZ2QEGKWvkZG1zDMTag==",
         "dev": true
      },
      "node_modules/@tsconfig/node14": {
         "version": "1.0.3",
         "resolved": "https://registry.npmjs.org/@tsconfig/node14/-/node14-1.0.3.tgz",
         "integrity": "sha512-ysT8mhdixWK6Hw3i1V2AeRqZ5WfXg1G43mqoYlM2nc6388Fq5jcXyr5mRsqViLx/GJYdoL0bfXD8nmF+Zn/Iow==",
         "dev": true
      },
      "node_modules/@tsconfig/node16": {
         "version": "1.0.4",
         "resolved": "https://registry.npmjs.org/@tsconfig/node16/-/node16-1.0.4.tgz",
         "integrity": "sha512-vxhUy4J8lyeyinH7Azl1pdd43GJhZH/tP2weN8TntQblOY+A0XbT8DJk1/oCPuOOyg/Ja757rG0CgHcWC8OfMA==",
         "dev": true
      },
      "node_modules/@types/node": {
         "version": "16.18.95",
         "resolved": "https://registry.npmjs.org/@types/node/-/node-16.18.95.tgz",
         "integrity": "sha512-z9w+CcR7ahc7UhsKe+PGB25nmPmCERQBAdLdFHhoZ6+FfgSr7gUvdQI0eLH2t7ue8u5wKsLdde6cHKPjhC8vGg=="
      },
      "node_modules/@types/webidl-conversions": {
         "version": "7.0.3",
         "resolved": "https://registry.npmjs.org/@types/webidl-conversions/-/webidl-conversions-7.0.3.tgz",
         "integrity": "sha512-CiJJvcRtIgzadHCYXw7dqEnMNRjhGZlYK05Mj9OyktqV8uVT8fD2BFOB7S1uwBE3Kj2Z+4UyPmFw/Ixgw/LAlA=="
      },
      "node_modules/@types/whatwg-url": {
         "version": "8.2.2",
         "resolved": "https://registry.npmjs.org/@types/whatwg-url/-/whatwg-url-8.2.2.tgz",
         "integrity": "sha512-FtQu10RWgn3D9U4aazdwIE2yzphmTJREDqNdODHrbrZmmMqI0vMheC/6NE/J1Yveaj8H+ela+YwWTjq5PGmuhA==",
         "dependencies": {
            "@types/node": "*",
            "@types/webidl-conversions": "*"
         }
      },
      "node_modules/acorn": {
         "version": "8.11.3",
         "resolved": "https://registry.npmjs.org/acorn/-/acorn-8.11.3.tgz",
         "integrity": "sha512-Y9rRfJG5jcKOE0CLisYbojUjIrIEE7AGMzA/Sm4BslANhbS+cDMpgBdcPT91oJ7OuJ9hYJBx59RjbhxVnrF8Xg==",
         "dev": true,
         "bin": {
            "acorn": "bin/acorn"
         },
         "engines": {
            "node": ">=0.4.0"
         }
      },
      "node_modules/acorn-walk": {
         "version": "8.3.2",
         "resolved": "https://registry.npmjs.org/acorn-walk/-/acorn-walk-8.3.2.tgz",
         "integrity": "sha512-cjkyv4OtNCIeqhHrfS81QWXoCBPExR/J62oyEqepVw8WaQeSqpW2uhuLPh1m9eWhDuOo/jUXVTlifvesOWp/4A==",
         "dev": true,
         "engines": {
            "node": ">=0.4.0"
         }
      },
      "node_modules/arg": {
         "version": "4.1.3",
         "resolved": "https://registry.npmjs.org/arg/-/arg-4.1.3.tgz",
         "integrity": "sha512-58S9QDqG0Xx27YwPSt9fJxivjYl432YCwfDMfZ+71RAqUrZef7LrKQZ3LHLOwCS4FLNBplP533Zx895SeOCHvA==",
         "dev": true
      },
      "node_modules/bson": {
         "version": "5.5.1",
         "resolved": "https://registry.npmjs.org/bson/-/bson-5.5.1.tgz",
         "integrity": "sha512-ix0EwukN2EpC0SRWIj/7B5+A6uQMQy6KMREI9qQqvgpkV2frH63T0UDVd1SYedL6dNCmDBYB3QtXi4ISk9YT+g==",
         "engines": {
            "node": ">=14.20.1"
         }
      },
      "node_modules/create-require": {
         "version": "1.1.1",
         "resolved": "https://registry.npmjs.org/create-require/-/create-require-1.1.1.tgz",
         "integrity": "sha512-dcKFX3jn0MpIaXjisoRvexIJVEKzaq7z2rZKxf+MSr9TkdmHmsU4m2lcLojrj/FHl8mk5VxMmYA+ftRkP/3oKQ==",
         "dev": true
      },
      "node_modules/diff": {
         "version": "4.0.2",
         "resolved": "https://registry.npmjs.org/diff/-/diff-4.0.2.tgz",
         "integrity": "sha512-58lmxKSA4BNyLz+HHMUzlOEpg09FV+ev6ZMe3vJihgdxzgcwZ8VoEEPmALCZG9LmqfVoNMMKpttIYTVG6uDY7A==",
         "dev": true,
         "engines": {
            "node": ">=0.3.1"
         }
      },
      "node_modules/ip-address": {
         "version": "9.0.5",
         "resolved": "https://registry.npmjs.org/ip-address/-/ip-address-9.0.5.tgz",
         "integrity": "sha512-zHtQzGojZXTwZTHQqra+ETKd4Sn3vgi7uBmlPoXVWZqYvuKmtI0l/VZTjqGmJY9x88GGOaZ9+G9ES8hC4T4X8g==",
         "dependencies": {
            "jsbn": "1.1.0",
            "sprintf-js": "^1.1.3"
         },
         "engines": {
            "node": ">= 12"
         }
      },
      "node_modules/jsbn": {
         "version": "1.1.0",
         "resolved": "https://registry.npmjs.org/jsbn/-/jsbn-1.1.0.tgz",
         "integrity": "sha512-4bYVV3aAMtDTTu4+xsDYa6sy9GyJ69/amsu9sYF2zqjiEoZA5xJi3BrfX3uY+/IekIu7MwdObdbDWpoZdBv3/A=="
      },
      "node_modules/make-error": {
         "version": "1.3.6",
         "resolved": "https://registry.npmjs.org/make-error/-/make-error-1.3.6.tgz",
         "integrity": "sha512-s8UhlNe7vPKomQhC1qFelMokr/Sc3AgNbso3n74mVPA5LTZwkB9NlXf4XPamLxJE8h0gh73rM94xvwRT2CVInw==",
         "dev": true
      },
      "node_modules/memory-pager": {
         "version": "1.5.0",
         "resolved": "https://registry.npmjs.org/memory-pager/-/memory-pager-1.5.0.tgz",
         "integrity": "sha512-ZS4Bp4r/Zoeq6+NLJpP+0Zzm0pR8whtGPf1XExKLJBAczGMnSi3It14OiNCStjQjM6NU1okjQGSxgEZN8eBYKg==",
         "optional": true
      },
      "node_modules/mongodb": {
         "version": "5.9.2",
         "resolved": "https://registry.npmjs.org/mongodb/-/mongodb-5.9.2.tgz",
         "integrity": "sha512-H60HecKO4Bc+7dhOv4sJlgvenK4fQNqqUIlXxZYQNbfEWSALGAwGoyJd/0Qwk4TttFXUOHJ2ZJQe/52ScaUwtQ==",
         "dependencies": {
            "bson": "^5.5.0",
            "mongodb-connection-string-url": "^2.6.0",
            "socks": "^2.7.1"
         },
         "engines": {
            "node": ">=14.20.1"
         },
         "optionalDependencies": {
            "@mongodb-js/saslprep": "^1.1.0"
         },
         "peerDependencies": {
            "@aws-sdk/credential-providers": "^3.188.0",
            "@mongodb-js/zstd": "^1.0.0",
            "kerberos": "^1.0.0 || ^2.0.0",
            "mongodb-client-encryption": ">=2.3.0 <3",
            "snappy": "^7.2.2"
         },
         "peerDependenciesMeta": {
            "@aws-sdk/credential-providers": {
               "optional": true
            },
            "@mongodb-js/zstd": {
               "optional": true
            },
            "kerberos": {
               "optional": true
            },
            "mongodb-client-encryption": {
               "optional": true
            },
            "snappy": {
               "optional": true
            }
         }
      },
      "node_modules/mongodb-connection-string-url": {
         "version": "2.6.0",
         "resolved": "https://registry.npmjs.org/mongodb-connection-string-url/-/mongodb-connection-string-url-2.6.0.tgz",
         "integrity": "sha512-WvTZlI9ab0QYtTYnuMLgobULWhokRjtC7db9LtcVfJ+Hsnyr5eo6ZtNAt3Ly24XZScGMelOcGtm7lSn0332tPQ==",
         "dependencies": {
            "@types/whatwg-url": "^8.2.1",
            "whatwg-url": "^11.0.0"
         }
      },
      "node_modules/pg": {
         "version": "8.11.5",
         "resolved": "https://registry.npmjs.org/pg/-/pg-8.11.5.tgz",
         "integrity": "sha512-jqgNHSKL5cbDjFlHyYsCXmQDrfIX/3RsNwYqpd4N0Kt8niLuNoRNH+aazv6cOd43gPh9Y4DjQCtb+X0MH0Hvnw==",
         "dependencies": {
            "pg-connection-string": "^2.6.4",
            "pg-pool": "^3.6.2",
            "pg-protocol": "^1.6.1",
            "pg-types": "^2.1.0",
            "pgpass": "1.x"
         },
         "engines": {
            "node": ">= 8.0.0"
         },
         "optionalDependencies": {
            "pg-cloudflare": "^1.1.1"
         },
         "peerDependencies": {
            "pg-native": ">=3.0.1"
         },
         "peerDependenciesMeta": {
            "pg-native": {
               "optional": true
            }
         }
      },
      "node_modules/pg-cloudflare": {
         "version": "1.1.1",
         "resolved": "https://registry.npmjs.org/pg-cloudflare/-/pg-cloudflare-1.1.1.tgz",
         "integrity": "sha512-xWPagP/4B6BgFO+EKz3JONXv3YDgvkbVrGw2mTo3D6tVDQRh1e7cqVGvyR3BE+eQgAvx1XhW/iEASj4/jCWl3Q==",
         "optional": true
      },
      "node_modules/pg-connection-string": {
         "version": "2.6.4",
         "resolved": "https://registry.npmjs.org/pg-connection-string/-/pg-connection-string-2.6.4.tgz",
         "integrity": "sha512-v+Z7W/0EO707aNMaAEfiGnGL9sxxumwLl2fJvCQtMn9Fxsg+lPpPkdcyBSv/KFgpGdYkMfn+EI1Or2EHjpgLCA=="
      },
      "node_modules/pg-int8": {
         "version": "1.0.1",
         "resolved": "https://registry.npmjs.org/pg-int8/-/pg-int8-1.0.1.tgz",
         "integrity": "sha512-WCtabS6t3c8SkpDBUlb1kjOs7l66xsGdKpIPZsg4wR+B3+u9UAum2odSsF9tnvxg80h4ZxLWMy4pRjOsFIqQpw==",
         "engines": {
            "node": ">=4.0.0"
         }
      },
      "node_modules/pg-pool": {
         "version": "3.6.2",
         "resolved": "https://registry.npmjs.org/pg-pool/-/pg-pool-3.6.2.tgz",
         "integrity": "sha512-Htjbg8BlwXqSBQ9V8Vjtc+vzf/6fVUuak/3/XXKA9oxZprwW3IMDQTGHP+KDmVL7rtd+R1QjbnCFPuTHm3G4hg==",
         "peerDependencies": {
            "pg": ">=8.0"
         }
      },
      "node_modules/pg-protocol": {
         "version": "1.6.1",
         "resolved": "https://registry.npmjs.org/pg-protocol/-/pg-protocol-1.6.1.tgz",
         "integrity": "sha512-jPIlvgoD63hrEuihvIg+tJhoGjUsLPn6poJY9N5CnlPd91c2T18T/9zBtLxZSb1EhYxBRoZJtzScCaWlYLtktg=="
      },
      "node_modules/pg-types": {
         "version": "2.2.0",
         "resolved": "https://registry.npmjs.org/pg-types/-/pg-types-2.2.0.tgz",
         "integrity": "sha512-qTAAlrEsl8s4OiEQY69wDvcMIdQN6wdz5ojQiOy6YRMuynxenON0O5oCpJI6lshc6scgAY8qvJ2On/p+CXY0GA==",
         "dependencies": {
            "pg-int8": "1.0.1",
            "postgres-array": "~2.0.0",
            "postgres-bytea": "~1.0.0",
            "postgres-date": "~1.0.4",
            "postgres-interval": "^1.1.0"
         },
         "engines": {
            "node": ">=4"
         }
      },
      "node_modules/pgpass": {
         "version": "1.0.5",
         "resolved": "https://registry.npmjs.org/pgpass/-/pgpass-1.0.5.tgz",
         "integrity": "sha512-FdW9r/jQZhSeohs1Z3sI1yxFQNFvMcnmfuj4WBMUTxOrAyLMaTcE1aAMBiTlbMNaXvBCQuVi0R7hd8udDSP7ug==",
         "dependencies": {
            "split2": "^4.1.0"
         }
      },
      "node_modules/postgres-array": {
         "version": "2.0.0",
         "resolved": "https://registry.npmjs.org/postgres-array/-/postgres-array-2.0.0.tgz",
         "integrity": "sha512-VpZrUqU5A69eQyW2c5CA1jtLecCsN2U/bD6VilrFDWq5+5UIEVO7nazS3TEcHf1zuPYO/sqGvUvW62g86RXZuA==",
         "engines": {
            "node": ">=4"
         }
      },
      "node_modules/postgres-bytea": {
         "version": "1.0.0",
         "resolved": "https://registry.npmjs.org/postgres-bytea/-/postgres-bytea-1.0.0.tgz",
         "integrity": "sha512-xy3pmLuQqRBZBXDULy7KbaitYqLcmxigw14Q5sj8QBVLqEwXfeybIKVWiqAXTlcvdvb0+xkOtDbfQMOf4lST1w==",
         "engines": {
            "node": ">=0.10.0"
         }
      },
      "node_modules/postgres-date": {
         "version": "1.0.7",
         "resolved": "https://registry.npmjs.org/postgres-date/-/postgres-date-1.0.7.tgz",
         "integrity": "sha512-suDmjLVQg78nMK2UZ454hAG+OAW+HQPZ6n++TNDUX+L0+uUlLywnoxJKDou51Zm+zTCjrCl0Nq6J9C5hP9vK/Q==",
         "engines": {
            "node": ">=0.10.0"
         }
      },
      "node_modules/postgres-interval": {
         "version": "1.2.0",
         "resolved": "https://registry.npmjs.org/postgres-interval/-/postgres-interval-1.2.0.tgz",
         "integrity": "sha512-9ZhXKM/rw350N1ovuWHbGxnGh/SNJ4cnxHiM0rxE4VN41wsg8P8zWn9hv/buK00RP4WvlOyr/RBDiptyxVbkZQ==",
         "dependencies": {
            "xtend": "^4.0.0"
         },
         "engines": {
            "node": ">=0.10.0"
         }
      },
      "node_modules/punycode": {
         "version": "2.3.1",
         "resolved": "https://registry.npmjs.org/punycode/-/punycode-2.3.1.tgz",
         "integrity": "sha512-vYt7UD1U9Wg6138shLtLOvdAu+8DsC/ilFtEVHcH+wydcSpNE20AfSOduf6MkRFahL5FY7X1oU7nKVZFtfq8Fg==",
         "engines": {
            "node": ">=6"
         }
      },
      "node_modules/reflect-metadata": {
         "version": "0.1.14",
         "resolved": "https://registry.npmjs.org/reflect-metadata/-/reflect-metadata-0.1.14.tgz",
         "integrity": "sha512-ZhYeb6nRaXCfhnndflDK8qI6ZQ/YcWZCISRAWICW9XYqMUwjZM9Z0DveWX/ABN01oxSHwVxKQmxeYZSsm0jh5A=="
      },
      "node_modules/smart-buffer": {
         "version": "4.2.0",
         "resolved": "https://registry.npmjs.org/smart-buffer/-/smart-buffer-4.2.0.tgz",
         "integrity": "sha512-94hK0Hh8rPqQl2xXc3HsaBoOXKV20MToPkcXvwbISWLEs+64sBq5kFgn2kJDHb1Pry9yrP0dxrCI9RRci7RXKg==",
         "engines": {
            "node": ">= 6.0.0",
            "npm": ">= 3.0.0"
         }
      },
      "node_modules/socks": {
         "version": "2.8.1",
         "resolved": "https://registry.npmjs.org/socks/-/socks-2.8.1.tgz",
         "integrity": "sha512-B6w7tkwNid7ToxjZ08rQMT8M9BJAf8DKx8Ft4NivzH0zBUfd6jldGcisJn/RLgxcX3FPNDdNQCUEMMT79b+oCQ==",
         "dependencies": {
            "ip-address": "^9.0.5",
            "smart-buffer": "^4.2.0"
         },
         "engines": {
            "node": ">= 10.0.0",
            "npm": ">= 3.0.0"
         }
      },
      "node_modules/sparse-bitfield": {
         "version": "3.0.3",
         "resolved": "https://registry.npmjs.org/sparse-bitfield/-/sparse-bitfield-3.0.3.tgz",
         "integrity": "sha512-kvzhi7vqKTfkh0PZU+2D2PIllw2ymqJKujUcyPMd9Y75Nv4nPbGJZXNhxsgdQab2BmlDct1YnfQCguEvHr7VsQ==",
         "optional": true,
         "dependencies": {
            "memory-pager": "^1.0.2"
         }
      },
      "node_modules/split2": {
         "version": "4.2.0",
         "resolved": "https://registry.npmjs.org/split2/-/split2-4.2.0.tgz",
         "integrity": "sha512-UcjcJOWknrNkF6PLX83qcHM6KHgVKNkV62Y8a5uYDVv9ydGQVwAHMKqHdJje1VTWpljG0WYpCDhrCdAOYH4TWg==",
         "engines": {
            "node": ">= 10.x"
         }
      },
      "node_modules/sprintf-js": {
         "version": "1.1.3",
         "resolved": "https://registry.npmjs.org/sprintf-js/-/sprintf-js-1.1.3.tgz",
         "integrity": "sha512-Oo+0REFV59/rz3gfJNKQiBlwfHaSESl1pcGyABQsnnIfWOFt6JNj5gCog2U6MLZ//IGYD+nA8nI+mTShREReaA=="
      },
      "node_modules/tr46": {
         "version": "3.0.0",
         "resolved": "https://registry.npmjs.org/tr46/-/tr46-3.0.0.tgz",
         "integrity": "sha512-l7FvfAHlcmulp8kr+flpQZmVwtu7nfRV7NZujtN0OqES8EL4O4e0qqzL0DC5gAvx/ZC/9lk6rhcUwYvkBnBnYA==",
         "dependencies": {
            "punycode": "^2.1.1"
         },
         "engines": {
            "node": ">=12"
         }
      },
      "node_modules/ts-node": {
         "version": "10.9.1",
         "resolved": "https://registry.npmjs.org/ts-node/-/ts-node-10.9.1.tgz",
         "integrity": "sha512-NtVysVPkxxrwFGUUxGYhfux8k78pQB3JqYBXlLRZgdGUqTO5wU/UyHop5p70iEbGhB7q5KmiZiU0Y3KlJrScEw==",
         "dev": true,
         "dependencies": {
            "@cspotcode/source-map-support": "^0.8.0",
            "@tsconfig/node10": "^1.0.7",
            "@tsconfig/node12": "^1.0.7",
            "@tsconfig/node14": "^1.0.0",
            "@tsconfig/node16": "^1.0.2",
            "acorn": "^8.4.1",
            "acorn-walk": "^8.1.1",
            "arg": "^4.1.0",
            "create-require": "^1.1.0",
            "diff": "^4.0.1",
            "make-error": "^1.1.1",
            "v8-compile-cache-lib": "^3.0.1",
            "yn": "3.1.1"
         },
         "bin": {
            "ts-node": "dist/bin.js",
            "ts-node-cwd": "dist/bin-cwd.js",
            "ts-node-esm": "dist/bin-esm.js",
            "ts-node-script": "dist/bin-script.js",
            "ts-node-transpile-only": "dist/bin-transpile.js",
            "ts-script": "dist/bin-script-deprecated.js"
         },
         "peerDependencies": {
            "@swc/core": ">=1.2.50",
            "@swc/wasm": ">=1.2.50",
            "@types/node": "*",
            "typescript": ">=2.7"
         },
         "peerDependenciesMeta": {
            "@swc/core": {
               "optional": true
            },
            "@swc/wasm": {
               "optional": true
            }
         }
      },
      "node_modules/typeorm": {
         "resolved": "../../node_modules/.pnpm/typeorm@0.3.20_mongodb@6.5.0_ts-node@10.9.2/node_modules/typeorm",
         "link": true
      },
      "node_modules/typescript": {
         "version": "4.5.2",
         "resolved": "https://registry.npmjs.org/typescript/-/typescript-4.5.2.tgz",
         "integrity": "sha512-5BlMof9H1yGt0P8/WF+wPNw6GfctgGjXp5hkblpyT+8rkASSmkUKMXrxR0Xg8ThVCi/JnHQiKXeBaEwCeQwMFw==",
         "dev": true,
         "bin": {
            "tsc": "bin/tsc",
            "tsserver": "bin/tsserver"
         },
         "engines": {
            "node": ">=4.2.0"
         }
      },
      "node_modules/v8-compile-cache-lib": {
         "version": "3.0.1",
         "resolved": "https://registry.npmjs.org/v8-compile-cache-lib/-/v8-compile-cache-lib-3.0.1.tgz",
         "integrity": "sha512-wa7YjyUGfNZngI/vtK0UHAN+lgDCxBPCylVXGp0zu59Fz5aiGtNXaq3DhIov063MorB+VfufLh3JlF2KdTK3xg==",
         "dev": true
      },
      "node_modules/webidl-conversions": {
         "version": "7.0.0",
         "resolved": "https://registry.npmjs.org/webidl-conversions/-/webidl-conversions-7.0.0.tgz",
         "integrity": "sha512-VwddBukDzu71offAQR975unBIGqfKZpM+8ZX6ySk8nYhVoo5CYaZyzt3YBvYtRtO+aoGlqxPg/B87NGVZ/fu6g==",
         "engines": {
            "node": ">=12"
         }
      },
      "node_modules/whatwg-url": {
         "version": "11.0.0",
         "resolved": "https://registry.npmjs.org/whatwg-url/-/whatwg-url-11.0.0.tgz",
         "integrity": "sha512-RKT8HExMpoYx4igMiVMY83lN6UeITKJlBQ+vR/8ZJ8OCdSiN3RwCq+9gH0+Xzj0+5IrM6i4j/6LuvzbZIQgEcQ==",
         "dependencies": {
            "tr46": "^3.0.0",
            "webidl-conversions": "^7.0.0"
         },
         "engines": {
            "node": ">=12"
         }
      },
      "node_modules/xtend": {
         "version": "4.0.2",
         "resolved": "https://registry.npmjs.org/xtend/-/xtend-4.0.2.tgz",
         "integrity": "sha512-LKYU1iAXJXUgAXn9URjiu+MWhyUXHsvfp7mcuYm9dSUKK0/CjtrUwFAxD82/mCWbtLsGjFIad0wIsod4zrTAEQ==",
         "engines": {
            "node": ">=0.4"
         }
      },
      "node_modules/yn": {
         "version": "3.1.1",
         "resolved": "https://registry.npmjs.org/yn/-/yn-3.1.1.tgz",
         "integrity": "sha512-Ux4ygGWsu2c7isFWe8Yu1YluJmqVhxqK2cLXNQA5AcC3QfbGNpM7fu0Y8b/z16pXLnFxZYvWhd3fhBY9DLmC6Q==",
         "dev": true,
         "engines": {
            "node": ">=6"
         }
      }
   }
}
